# generated by rye
# use `rye lock` or `rye sync` to update this lockfile
#
# last locked with the following flags:
#   pre: false
#   features: []
#   all-features: false
#   with-sources: false
#   generate-hashes: false
#   universal: false

-e file:.
appnope==0.1.4
    # via chessopeningtrainer
    # via ipykernel
asttokens==2.4.1
    # via chessopeningtrainer
    # via stack-data
chess==1.10.0
    # via chessopeningtrainer
comm==0.2.2
    # via chessopeningtrainer
    # via ipykernel
debugpy==1.8.2
    # via chessopeningtrainer
    # via ipykernel
decorator==5.1.1
    # via chessopeningtrainer
    # via ipython
executing==2.0.1
    # via chessopeningtrainer
    # via stack-data
ipykernel==6.29.5
    # via chessopeningtrainer
ipython==8.26.0
    # via chessopeningtrainer
    # via ipykernel
jedi==0.19.1
    # via chessopeningtrainer
    # via ipython
jupyter-client==8.6.2
    # via chessopeningtrainer
    # via ipykernel
jupyter-core==5.7.2
    # via chessopeningtrainer
    # via ipykernel
    # via jupyter-client
matplotlib-inline==0.1.7
    # via chessopeningtrainer
    # via ipykernel
    # via ipython
neo4j==5.22.0
    # via chessopeningtrainer
nest-asyncio==1.6.0
    # via chessopeningtrainer
    # via ipykernel
packaging==24.1
    # via chessopeningtrainer
    # via ipykernel
parso==0.8.4
    # via chessopeningtrainer
    # via jedi
pexpect==4.9.0
    # via chessopeningtrainer
    # via ipython
platformdirs==4.2.2
    # via chessopeningtrainer
    # via jupyter-core
prompt-toolkit==3.0.47
    # via chessopeningtrainer
    # via ipython
psutil==6.0.0
    # via ipykernel
ptyprocess==0.7.0
    # via chessopeningtrainer
    # via pexpect
pure-eval==0.2.3
    # via chessopeningtrainer
    # via stack-data
pygments==2.18.0
    # via chessopeningtrainer
    # via ipython
python-dateutil==2.9.0.post0
    # via chessopeningtrainer
    # via jupyter-client
pytz==2024.1
    # via neo4j
pyzmq==26.0.3
    # via chessopeningtrainer
    # via ipykernel
    # via jupyter-client
six==1.16.0
    # via asttokens
    # via chessopeningtrainer
    # via python-dateutil
stack-data==0.6.3
    # via chessopeningtrainer
    # via ipython
tornado==6.4.1
    # via chessopeningtrainer
    # via ipykernel
    # via jupyter-client
traitlets==5.14.3
    # via chessopeningtrainer
    # via comm
    # via ipykernel
    # via ipython
    # via jupyter-client
    # via jupyter-core
    # via matplotlib-inline
typing-extensions==4.12.2
    # via chessopeningtrainer
wcwidth==0.2.13
    # via chessopeningtrainer
    # via prompt-toolkit
